
Microsoft Visual Studio Solution File, Format Version 12.00
# Visual Studio 15
VisualStudioVersion = 15.0.28010.2046
MinimumVisualStudioVersion = 10.0.40219.1
Project("{FAE04EC0-301F-11D3-BF4B-00C04F79EFBC}") = "SendClaims", "SendClaims\SendClaims.csproj", "{FFDD0218-D8A9-45DE-A21C-A267E4E8FE88}"
EndProject
Global
	GlobalSection(SolutionConfigurationPlatforms) = preSolution
		Debug|Any CPU = Debug|Any CPU
		Release|Any CPU = Release|Any CPU
	EndGlobalSection
	GlobalSection(ProjectConfigurationPlatforms) = postSolution
		{FFDD0218-D8A9-45DE-A21C-A267E4E8FE88}.Debug|Any CPU.ActiveCfg = Debug|Any CPU
		{FFDD0218-D8A9-45DE-A21C-A267E4E8FE88}.Debug|Any CPU.Build.0 = Debug|Any CPU
		{FFDD0218-D8A9-45DE-A21C-A267E4E8FE88}.Release|Any CPU.ActiveCfg = Release|Any CPU
		{FFDD0218-D8A9-45DE-A21C-A267E4E8FE88}.Release|Any CPU.Build.0 = Release|Any CPU
	EndGlobalSection
	GlobalSection(SolutionProperties) = preSolution
		HideSolutionNode = FALSE
	EndGlobalSection
	GlobalSection(ExtensibilityGlobals) = postSolution
		SolutionGuid = {353CBDAA-1813-475C-BE45-76587C700859}
	EndGlobalSection
EndGlobal
